{
  "name": "frontend",
  "version": "1.0.0",
  "lockfileVersion": 3,
  "requires": true,
  "packages": {
    "": {
      "name": "frontend",
      "version": "1.0.0",
      "dependencies": {
        "demo-package": "file:../../demo-package"
      }
    },
    "../../demo-package": {
      "version": "1.0.0"
    },
    "node_modules/demo-package": {
      "resolved": "../../demo-package",
      "link": true
    }
  }
}
