{
  "name": "frontend",
  "version": "1.0.0",
  "lockfileVersion": 3,
  "requires": true,
  "packages": {
    "": {
      "name": "frontend",
      "version": "1.0.0",
      "dependencies": {
        "demo-package": "git+https://github.com/socksy/demo-package.git",
        "lodash": "^4.17.0"
      }
    },
    "node_modules/demo-package": {
      "version": "1.0.1",
      "resolved": "git+ssh://git@github.com/socksy/demo-package.git#51c4e2afa0988e6a10107f66dc03037f5c845f88"
    },
    "node_modules/lodash": {
      "version": "4.17.21",
      "resolved": "https://registry.npmjs.org/lodash/-/lodash-4.17.21.tgz",
      "integrity": "sha512-v2kDEe57lecTulaDIuNTPy3Ry4gLGJ6Z1O3vE1krgXZNrsQ+LFTGHVxVjcXPs17LhbZVGedAJv8XZ1tvj5FvSg==",
      "license": "MIT"
    }
  }
}
